// !$*UTF8*$!
{
	archiveVersion = 1;
	classes = {
	};
	objectVersion = 46;
	objects = {

/* Begin PBXBuildFile section */
		A00C6E051A0474BC001CDD93 /* AppDelegate.swift in Sources */ = {isa = PBXBuildFile; fileRef = A00C6E041A0474BC001CDD93 /* AppDelegate.swift */; };
		A00C6E081A0474BC001CDD93 /* Lizard.xcdatamodeld in Sources */ = {isa = PBXBuildFile; fileRef = A00C6E061A0474BC001CDD93 /* Lizard.xcdatamodeld */; };
		A00C6E0A1A0474BC001CDD93 /* MasterViewController.swift in Sources */ = {isa = PBXBuildFile; fileRef = A00C6E091A0474BC001CDD93 /* MasterViewController.swift */; };
		A00C6E0C1A0474BC001CDD93 /* DetailViewController.swift in Sources */ = {isa = PBXBuildFile; fileRef = A00C6E0B1A0474BC001CDD93 /* DetailViewController.swift */; };
		A00C6E0F1A0474BC001CDD93 /* Main.storyboard in Resources */ = {isa = PBXBuildFile; fileRef = A00C6E0D1A0474BC001CDD93 /* Main.storyboard */; };
		A00C6E111A0474BC001CDD93 /* Images.xcassets in Resources */ = {isa = PBXBuildFile; fileRef = A00C6E101A0474BC001CDD93 /* Images.xcassets */; };
		A00C6E141A0474BC001CDD93 /* LaunchScreen.xib in Resources */ = {isa = PBXBuildFile; fileRef = A00C6E121A0474BC001CDD93 /* LaunchScreen.xib */; };
		A00C6E201A0474BC001CDD93 /* LizardTests.swift in Sources */ = {isa = PBXBuildFile; fileRef = A00C6E1F1A0474BC001CDD93 /* LizardTests.swift */; };
		A00C6E2A1A047552001CDD93 /* MapKit.framework in Frameworks */ = {isa = PBXBuildFile; fileRef = A00C6E291A047552001CDD93 /* MapKit.framework */; };
		A00C6E2C1A054940001CDD93 /* CoreLocation.framework in Frameworks */ = {isa = PBXBuildFile; fileRef = A00C6E2B1A054940001CDD93 /* CoreLocation.framework */; };
		A00C6E611A05BE53001CDD93 /* SellSpotViewController.swift in Sources */ = {isa = PBXBuildFile; fileRef = A00C6E601A05BE53001CDD93 /* SellSpotViewController.swift */; };
		A00C6E671A05CCA2001CDD93 /* SellSpot.swift in Sources */ = {isa = PBXBuildFile; fileRef = A00C6E661A05CCA2001CDD93 /* SellSpot.swift */; };
		A04E8E4A1A0C7085002BE0B2 /* redPin.png in Resources */ = {isa = PBXBuildFile; fileRef = A04E8E491A0C7085002BE0B2 /* redPin.png */; };
		A04E8E4E1A0E71AB002BE0B2 /* AddLotViewController.swift in Sources */ = {isa = PBXBuildFile; fileRef = A04E8E4D1A0E71AB002BE0B2 /* AddLotViewController.swift */; };
		A04E8E501A0EC4F1002BE0B2 /* LotList.swift in Sources */ = {isa = PBXBuildFile; fileRef = A04E8E4F1A0EC4F1002BE0B2 /* LotList.swift */; };
		A04E8E561A0ED12D002BE0B2 /* BuySpotViewController.swift in Sources */ = {isa = PBXBuildFile; fileRef = A04E8E551A0ED12D002BE0B2 /* BuySpotViewController.swift */; };
		A04E8E581A0F9E95002BE0B2 /* LotAnnotation.swift in Sources */ = {isa = PBXBuildFile; fileRef = A04E8E571A0F9E95002BE0B2 /* LotAnnotation.swift */; };
		A05E576D1A1C20ED0065F166 /* AudioToolbox.framework in Frameworks */ = {isa = PBXBuildFile; fileRef = A05E576C1A1C20ED0065F166 /* AudioToolbox.framework */; };
		A05E576F1A1C20F60065F166 /* CFNetwork.framework in Frameworks */ = {isa = PBXBuildFile; fileRef = A05E576E1A1C20F60065F166 /* CFNetwork.framework */; };
		A05E57711A1C21010065F166 /* CoreGraphics.framework in Frameworks */ = {isa = PBXBuildFile; fileRef = A05E57701A1C21010065F166 /* CoreGraphics.framework */; };
		A05E57731A1C21190065F166 /* libz.dylib in Frameworks */ = {isa = PBXBuildFile; fileRef = A05E57721A1C21190065F166 /* libz.dylib */; };
		A05E57751A1C21270065F166 /* MobileCoreServices.framework in Frameworks */ = {isa = PBXBuildFile; fileRef = A05E57741A1C21270065F166 /* MobileCoreServices.framework */; };
		A05E57771A1C21320065F166 /* QuartzCore.framework in Frameworks */ = {isa = PBXBuildFile; fileRef = A05E57761A1C21320065F166 /* QuartzCore.framework */; };
		A05E57791A1C213D0065F166 /* Security.framework in Frameworks */ = {isa = PBXBuildFile; fileRef = A05E57781A1C213D0065F166 /* Security.framework */; };
		A05E577B1A1C21470065F166 /* StoreKit.framework in Frameworks */ = {isa = PBXBuildFile; fileRef = A05E577A1A1C21470065F166 /* StoreKit.framework */; };
		A05E577D1A1C21540065F166 /* SystemConfiguration.framework in Frameworks */ = {isa = PBXBuildFile; fileRef = A05E577C1A1C21540065F166 /* SystemConfiguration.framework */; };
		A06B8A511A22818B003F3073 /* Bolts.framework in Frameworks */ = {isa = PBXBuildFile; fileRef = A06B8A501A22818B003F3073 /* Bolts.framework */; };
		A06B8A531A228199003F3073 /* ParseFacebookUtils.framework in Frameworks */ = {isa = PBXBuildFile; fileRef = A06B8A521A228199003F3073 /* ParseFacebookUtils.framework */; };
		A06B8A551A2281C3003F3073 /* ParseUI.framework in Frameworks */ = {isa = PBXBuildFile; fileRef = A06B8A541A2281C3003F3073 /* ParseUI.framework */; };
		A06B8A571A2281D8003F3073 /* Parse.framework in Frameworks */ = {isa = PBXBuildFile; fileRef = A06B8A561A2281D8003F3073 /* Parse.framework */; };
		A06B8A591A22840C003F3073 /* Social.framework in Frameworks */ = {isa = PBXBuildFile; fileRef = A06B8A581A22840C003F3073 /* Social.framework */; };
		A06B8A5B1A228419003F3073 /* Accounts.framework in Frameworks */ = {isa = PBXBuildFile; fileRef = A06B8A5A1A228419003F3073 /* Accounts.framework */; };
		A0F349441A0B26AC00404C63 /* Realm.framework in Frameworks */ = {isa = PBXBuildFile; fileRef = A0F349431A0B26AC00404C63 /* Realm.framework */; };
		A0F349461A0B26EE00404C63 /* libc++.dylib in Frameworks */ = {isa = PBXBuildFile; fileRef = A0F349451A0B26EE00404C63 /* libc++.dylib */; };
		A0F349481A0B270200404C63 /* RLMSupport.swift in Sources */ = {isa = PBXBuildFile; fileRef = A0F349471A0B270200404C63 /* RLMSupport.swift */; };
/* End PBXBuildFile section */

/* Begin PBXContainerItemProxy section */
		A00C6E1A1A0474BC001CDD93 /* PBXContainerItemProxy */ = {
			isa = PBXContainerItemProxy;
			containerPortal = A00C6DF71A0474BC001CDD93 /* Project object */;
			proxyType = 1;
			remoteGlobalIDString = A00C6DFE1A0474BC001CDD93;
			remoteInfo = Lizard;
		};
/* End PBXContainerItemProxy section */

/* Begin PBXFileReference section */
		A00C6DFF1A0474BC001CDD93 /* Lizard.app */ = {isa = PBXFileReference; explicitFileType = wrapper.application; includeInIndex = 0; path = Lizard.app; sourceTree = BUILT_PRODUCTS_DIR; };
		A00C6E031A0474BC001CDD93 /* Info.plist */ = {isa = PBXFileReference; lastKnownFileType = text.plist.xml; path = Info.plist; sourceTree = "<group>"; };
		A00C6E041A0474BC001CDD93 /* AppDelegate.swift */ = {isa = PBXFileReference; lastKnownFileType = sourcecode.swift; path = AppDelegate.swift; sourceTree = "<group>"; };
		A00C6E071A0474BC001CDD93 /* Lizard.xcdatamodel */ = {isa = PBXFileReference; lastKnownFileType = wrapper.xcdatamodel; path = Lizard.xcdatamodel; sourceTree = "<group>"; };
		A00C6E091A0474BC001CDD93 /* MasterViewController.swift */ = {isa = PBXFileReference; lastKnownFileType = sourcecode.swift; path = MasterViewController.swift; sourceTree = "<group>"; };
		A00C6E0B1A0474BC001CDD93 /* DetailViewController.swift */ = {isa = PBXFileReference; lastKnownFileType = sourcecode.swift; path = DetailViewController.swift; sourceTree = "<group>"; };
		A00C6E0E1A0474BC001CDD93 /* Base */ = {isa = PBXFileReference; lastKnownFileType = file.storyboard; name = Base; path = Base.lproj/Main.storyboard; sourceTree = "<group>"; };
		A00C6E101A0474BC001CDD93 /* Images.xcassets */ = {isa = PBXFileReference; lastKnownFileType = folder.assetcatalog; path = Images.xcassets; sourceTree = "<group>"; };
		A00C6E131A0474BC001CDD93 /* Base */ = {isa = PBXFileReference; lastKnownFileType = file.xib; name = Base; path = Base.lproj/LaunchScreen.xib; sourceTree = "<group>"; };
		A00C6E191A0474BC001CDD93 /* LizardTests.xctest */ = {isa = PBXFileReference; explicitFileType = wrapper.cfbundle; includeInIndex = 0; path = LizardTests.xctest; sourceTree = BUILT_PRODUCTS_DIR; };
		A00C6E1E1A0474BC001CDD93 /* Info.plist */ = {isa = PBXFileReference; lastKnownFileType = text.plist.xml; path = Info.plist; sourceTree = "<group>"; };
		A00C6E1F1A0474BC001CDD93 /* LizardTests.swift */ = {isa = PBXFileReference; lastKnownFileType = sourcecode.swift; path = LizardTests.swift; sourceTree = "<group>"; };
		A00C6E291A047552001CDD93 /* MapKit.framework */ = {isa = PBXFileReference; lastKnownFileType = wrapper.framework; name = MapKit.framework; path = System/Library/Frameworks/MapKit.framework; sourceTree = SDKROOT; };
		A00C6E2B1A054940001CDD93 /* CoreLocation.framework */ = {isa = PBXFileReference; lastKnownFileType = wrapper.framework; name = CoreLocation.framework; path = System/Library/Frameworks/CoreLocation.framework; sourceTree = SDKROOT; };
		A00C6E601A05BE53001CDD93 /* SellSpotViewController.swift */ = {isa = PBXFileReference; fileEncoding = 4; lastKnownFileType = sourcecode.swift; path = SellSpotViewController.swift; sourceTree = "<group>"; };
		A00C6E661A05CCA2001CDD93 /* SellSpot.swift */ = {isa = PBXFileReference; fileEncoding = 4; lastKnownFileType = sourcecode.swift; name = SellSpot.swift; path = ../SellSpot.swift; sourceTree = "<group>"; };
		A04E8E491A0C7085002BE0B2 /* redPin.png */ = {isa = PBXFileReference; lastKnownFileType = image.png; path = redPin.png; sourceTree = SOURCE_ROOT; };
		A04E8E4D1A0E71AB002BE0B2 /* AddLotViewController.swift */ = {isa = PBXFileReference; fileEncoding = 4; lastKnownFileType = sourcecode.swift; path = AddLotViewController.swift; sourceTree = "<group>"; };
		A04E8E4F1A0EC4F1002BE0B2 /* LotList.swift */ = {isa = PBXFileReference; fileEncoding = 4; lastKnownFileType = sourcecode.swift; path = LotList.swift; sourceTree = "<group>"; };
		A04E8E551A0ED12D002BE0B2 /* BuySpotViewController.swift */ = {isa = PBXFileReference; fileEncoding = 4; lastKnownFileType = sourcecode.swift; path = BuySpotViewController.swift; sourceTree = "<group>"; };
		A04E8E571A0F9E95002BE0B2 /* LotAnnotation.swift */ = {isa = PBXFileReference; fileEncoding = 4; lastKnownFileType = sourcecode.swift; name = LotAnnotation.swift; path = ../LotAnnotation.swift; sourceTree = "<group>"; };
		A05E576C1A1C20ED0065F166 /* AudioToolbox.framework */ = {isa = PBXFileReference; lastKnownFileType = wrapper.framework; name = AudioToolbox.framework; path = System/Library/Frameworks/AudioToolbox.framework; sourceTree = SDKROOT; };
		A05E576E1A1C20F60065F166 /* CFNetwork.framework */ = {isa = PBXFileReference; lastKnownFileType = wrapper.framework; name = CFNetwork.framework; path = System/Library/Frameworks/CFNetwork.framework; sourceTree = SDKROOT; };
		A05E57701A1C21010065F166 /* CoreGraphics.framework */ = {isa = PBXFileReference; lastKnownFileType = wrapper.framework; name = CoreGraphics.framework; path = System/Library/Frameworks/CoreGraphics.framework; sourceTree = SDKROOT; };
		A05E57721A1C21190065F166 /* libz.dylib */ = {isa = PBXFileReference; lastKnownFileType = "compiled.mach-o.dylib"; name = libz.dylib; path = usr/lib/libz.dylib; sourceTree = SDKROOT; };
		A05E57741A1C21270065F166 /* MobileCoreServices.framework */ = {isa = PBXFileReference; lastKnownFileType = wrapper.framework; name = MobileCoreServices.framework; path = System/Library/Frameworks/MobileCoreServices.framework; sourceTree = SDKROOT; };
		A05E57761A1C21320065F166 /* QuartzCore.framework */ = {isa = PBXFileReference; lastKnownFileType = wrapper.framework; name = QuartzCore.framework; path = System/Library/Frameworks/QuartzCore.framework; sourceTree = SDKROOT; };
		A05E57781A1C213D0065F166 /* Security.framework */ = {isa = PBXFileReference; lastKnownFileType = wrapper.framework; name = Security.framework; path = System/Library/Frameworks/Security.framework; sourceTree = SDKROOT; };
		A05E577A1A1C21470065F166 /* StoreKit.framework */ = {isa = PBXFileReference; lastKnownFileType = wrapper.framework; name = StoreKit.framework; path = System/Library/Frameworks/StoreKit.framework; sourceTree = SDKROOT; };
		A05E577C1A1C21540065F166 /* SystemConfiguration.framework */ = {isa = PBXFileReference; lastKnownFileType = wrapper.framework; name = SystemConfiguration.framework; path = System/Library/Frameworks/SystemConfiguration.framework; sourceTree = SDKROOT; };
		A05E57881A1C2E4D0065F166 /* Lizard-Bridging-Header.h */ = {isa = PBXFileReference; fileEncoding = 4; lastKnownFileType = sourcecode.c.h; path = "Lizard-Bridging-Header.h"; sourceTree = "<group>"; };
		A06B8A501A22818B003F3073 /* Bolts.framework */ = {isa = PBXFileReference; lastKnownFileType = wrapper.framework; path = Bolts.framework; sourceTree = "<group>"; };
		A06B8A521A228199003F3073 /* ParseFacebookUtils.framework */ = {isa = PBXFileReference; lastKnownFileType = wrapper.framework; path = ParseFacebookUtils.framework; sourceTree = "<group>"; };
		A06B8A541A2281C3003F3073 /* ParseUI.framework */ = {isa = PBXFileReference; lastKnownFileType = wrapper.framework; path = ParseUI.framework; sourceTree = "<group>"; };
		A06B8A561A2281D8003F3073 /* Parse.framework */ = {isa = PBXFileReference; lastKnownFileType = wrapper.framework; path = Parse.framework; sourceTree = "<group>"; };
		A06B8A581A22840C003F3073 /* Social.framework */ = {isa = PBXFileReference; lastKnownFileType = wrapper.framework; name = Social.framework; path = System/Library/Frameworks/Social.framework; sourceTree = SDKROOT; };
		A06B8A5A1A228419003F3073 /* Accounts.framework */ = {isa = PBXFileReference; lastKnownFileType = wrapper.framework; name = Accounts.framework; path = System/Library/Frameworks/Accounts.framework; sourceTree = SDKROOT; };
		A0F349431A0B26AC00404C63 /* Realm.framework */ = {isa = PBXFileReference; lastKnownFileType = wrapper.framework; path = Realm.framework; sourceTree = "<group>"; };
		A0F349451A0B26EE00404C63 /* libc++.dylib */ = {isa = PBXFileReference; lastKnownFileType = "compiled.mach-o.dylib"; name = "libc++.dylib"; path = "usr/lib/libc++.dylib"; sourceTree = SDKROOT; };
		A0F349471A0B270200404C63 /* RLMSupport.swift */ = {isa = PBXFileReference; fileEncoding = 4; lastKnownFileType = sourcecode.swift; name = RLMSupport.swift; path = "../../realm-cocoa-0.87.2/Swift/RLMSupport.swift"; sourceTree = "<group>"; };
/* End PBXFileReference section */

/* Begin PBXFrameworksBuildPhase section */
		A00C6DFC1A0474BC001CDD93 /* Frameworks */ = {
			isa = PBXFrameworksBuildPhase;
			buildActionMask = 2147483647;
			files = (
				A06B8A5B1A228419003F3073 /* Accounts.framework in Frameworks */,
				A06B8A591A22840C003F3073 /* Social.framework in Frameworks */,
				A05E577D1A1C21540065F166 /* SystemConfiguration.framework in Frameworks */,
				A05E577B1A1C21470065F166 /* StoreKit.framework in Frameworks */,
				A05E57791A1C213D0065F166 /* Security.framework in Frameworks */,
				A05E57771A1C21320065F166 /* QuartzCore.framework in Frameworks */,
				A05E57751A1C21270065F166 /* MobileCoreServices.framework in Frameworks */,
				A05E57731A1C21190065F166 /* libz.dylib in Frameworks */,
				A06B8A571A2281D8003F3073 /* Parse.framework in Frameworks */,
				A06B8A551A2281C3003F3073 /* ParseUI.framework in Frameworks */,
				A05E57711A1C21010065F166 /* CoreGraphics.framework in Frameworks */,
				A05E576F1A1C20F60065F166 /* CFNetwork.framework in Frameworks */,
				A06B8A531A228199003F3073 /* ParseFacebookUtils.framework in Frameworks */,
				A05E576D1A1C20ED0065F166 /* AudioToolbox.framework in Frameworks */,
				A0F349461A0B26EE00404C63 /* libc++.dylib in Frameworks */,
				A0F349441A0B26AC00404C63 /* Realm.framework in Frameworks */,
				A00C6E2C1A054940001CDD93 /* CoreLocation.framework in Frameworks */,
				A00C6E2A1A047552001CDD93 /* MapKit.framework in Frameworks */,
				A06B8A511A22818B003F3073 /* Bolts.framework in Frameworks */,
			);
			runOnlyForDeploymentPostprocessing = 0;
		};
		A00C6E161A0474BC001CDD93 /* Frameworks */ = {
			isa = PBXFrameworksBuildPhase;
			buildActionMask = 2147483647;
			files = (
			);
			runOnlyForDeploymentPostprocessing = 0;
		};
/* End PBXFrameworksBuildPhase section */

/* Begin PBXGroup section */
		A00C6DF61A0474BC001CDD93 = {
			isa = PBXGroup;
			children = (
				A06B8A5C1A240437003F3073 /* Frameworks */,
				A00C6E011A0474BC001CDD93 /* Lizard */,
				A00C6E1C1A0474BC001CDD93 /* LizardTests */,
				A00C6E001A0474BC001CDD93 /* Products */,
			);
			sourceTree = "<group>";
		};
		A00C6E001A0474BC001CDD93 /* Products */ = {
			isa = PBXGroup;
			children = (
				A00C6DFF1A0474BC001CDD93 /* Lizard.app */,
				A00C6E191A0474BC001CDD93 /* LizardTests.xctest */,
			);
			name = Products;
			sourceTree = "<group>";
		};
		A00C6E011A0474BC001CDD93 /* Lizard */ = {
			isa = PBXGroup;
			children = (
				A00C6E041A0474BC001CDD93 /* AppDelegate.swift */,
				A04E8E571A0F9E95002BE0B2 /* LotAnnotation.swift */,
				A04E8E491A0C7085002BE0B2 /* redPin.png */,
				A00C6E661A05CCA2001CDD93 /* SellSpot.swift */,
				A05E57881A1C2E4D0065F166 /* Lizard-Bridging-Header.h */,
				A0F349471A0B270200404C63 /* RLMSupport.swift */,
				A00C6E091A0474BC001CDD93 /* MasterViewController.swift */,
				A00C6E0B1A0474BC001CDD93 /* DetailViewController.swift */,
				A00C6E0D1A0474BC001CDD93 /* Main.storyboard */,
				A04E8E551A0ED12D002BE0B2 /* BuySpotViewController.swift */,
				A04E8E4D1A0E71AB002BE0B2 /* AddLotViewController.swift */,
				A04E8E4F1A0EC4F1002BE0B2 /* LotList.swift */,
				A00C6E601A05BE53001CDD93 /* SellSpotViewController.swift */,
				A00C6E101A0474BC001CDD93 /* Images.xcassets */,
				A00C6E121A0474BC001CDD93 /* LaunchScreen.xib */,
				A00C6E061A0474BC001CDD93 /* Lizard.xcdatamodeld */,
				A00C6E021A0474BC001CDD93 /* Supporting Files */,
			);
			path = Lizard;
			sourceTree = "<group>";
		};
		A00C6E021A0474BC001CDD93 /* Supporting Files */ = {
			isa = PBXGroup;
			children = (
				A00C6E031A0474BC001CDD93 /* Info.plist */,
			);
			name = "Supporting Files";
			sourceTree = "<group>";
		};
		A00C6E1C1A0474BC001CDD93 /* LizardTests */ = {
			isa = PBXGroup;
			children = (
				A00C6E1F1A0474BC001CDD93 /* LizardTests.swift */,
				A00C6E1D1A0474BC001CDD93 /* Supporting Files */,
			);
			path = LizardTests;
			sourceTree = "<group>";
		};
		A00C6E1D1A0474BC001CDD93 /* Supporting Files */ = {
			isa = PBXGroup;
			children = (
				A00C6E1E1A0474BC001CDD93 /* Info.plist */,
			);
			name = "Supporting Files";
			sourceTree = "<group>";
		};
		A06B8A5C1A240437003F3073 /* Frameworks */ = {
			isa = PBXGroup;
			children = (
				A06B8A5A1A228419003F3073 /* Accounts.framework */,
				A06B8A581A22840C003F3073 /* Social.framework */,
				A06B8A561A2281D8003F3073 /* Parse.framework */,
				A06B8A541A2281C3003F3073 /* ParseUI.framework */,
				A06B8A521A228199003F3073 /* ParseFacebookUtils.framework */,
				A06B8A501A22818B003F3073 /* Bolts.framework */,
				A05E577C1A1C21540065F166 /* SystemConfiguration.framework */,
				A05E577A1A1C21470065F166 /* StoreKit.framework */,
				A05E57781A1C213D0065F166 /* Security.framework */,
				A05E57761A1C21320065F166 /* QuartzCore.framework */,
				A05E57741A1C21270065F166 /* MobileCoreServices.framework */,
				A05E57721A1C21190065F166 /* libz.dylib */,
				A05E57701A1C21010065F166 /* CoreGraphics.framework */,
				A05E576E1A1C20F60065F166 /* CFNetwork.framework */,
				A05E576C1A1C20ED0065F166 /* AudioToolbox.framework */,
				A0F349451A0B26EE00404C63 /* libc++.dylib */,
				A0F349431A0B26AC00404C63 /* Realm.framework */,
				A00C6E2B1A054940001CDD93 /* CoreLocation.framework */,
				A00C6E291A047552001CDD93 /* MapKit.framework */,
			);
			name = Frameworks;
			sourceTree = "<group>";
		};
/* End PBXGroup section */

/* Begin PBXNativeTarget section */
		A00C6DFE1A0474BC001CDD93 /* Lizard */ = {
			isa = PBXNativeTarget;
			buildConfigurationList = A00C6E231A0474BC001CDD93 /* Build configuration list for PBXNativeTarget "Lizard" */;
			buildPhases = (
				A00C6DFB1A0474BC001CDD93 /* Sources */,
				A00C6DFC1A0474BC001CDD93 /* Frameworks */,
				A00C6DFD1A0474BC001CDD93 /* Resources */,
			);
			buildRules = (
			);
			dependencies = (
			);
			name = Lizard;
			productName = Lizard;
			productReference = A00C6DFF1A0474BC001CDD93 /* Lizard.app */;
			productType = "com.apple.product-type.application";
		};
		A00C6E181A0474BC001CDD93 /* LizardTests */ = {
			isa = PBXNativeTarget;
			buildConfigurationList = A00C6E261A0474BC001CDD93 /* Build configuration list for PBXNativeTarget "LizardTests" */;
			buildPhases = (
				A00C6E151A0474BC001CDD93 /* Sources */,
				A00C6E161A0474BC001CDD93 /* Frameworks */,
				A00C6E171A0474BC001CDD93 /* Resources */,
			);
			buildRules = (
			);
			dependencies = (
				A00C6E1B1A0474BC001CDD93 /* PBXTargetDependency */,
			);
			name = LizardTests;
			productName = LizardTests;
			productReference = A00C6E191A0474BC001CDD93 /* LizardTests.xctest */;
			productType = "com.apple.product-type.bundle.unit-test";
		};
/* End PBXNativeTarget section */

/* Begin PBXProject section */
		A00C6DF71A0474BC001CDD93 /* Project object */ = {
			isa = PBXProject;
			attributes = {
				LastUpgradeCheck = 0610;
				ORGANIZATIONNAME = "Ty Parker";
				TargetAttributes = {
					A00C6DFE1A0474BC001CDD93 = {
						CreatedOnToolsVersion = 6.1;
						DevelopmentTeam = LWU6UTV638;
						SystemCapabilities = {
							com.apple.Maps.iOS = {
								enabled = 1;
							};
						};
					};
					A00C6E181A0474BC001CDD93 = {
						CreatedOnToolsVersion = 6.1;
						TestTargetID = A00C6DFE1A0474BC001CDD93;
					};
				};
			};
			buildConfigurationList = A00C6DFA1A0474BC001CDD93 /* Build configuration list for PBXProject "Lizard" */;
			compatibilityVersion = "Xcode 3.2";
			developmentRegion = English;
			hasScannedForEncodings = 0;
			knownRegions = (
				en,
				Base,
			);
			mainGroup = A00C6DF61A0474BC001CDD93;
			productRefGroup = A00C6E001A0474BC001CDD93 /* Products */;
			projectDirPath = "";
			projectRoot = "";
			targets = (
				A00C6DFE1A0474BC001CDD93 /* Lizard */,
				A00C6E181A0474BC001CDD93 /* LizardTests */,
			);
		};
/* End PBXProject section */

/* Begin PBXResourcesBuildPhase section */
		A00C6DFD1A0474BC001CDD93 /* Resources */ = {
			isa = PBXResourcesBuildPhase;
			buildActionMask = 2147483647;
			files = (
				A00C6E0F1A0474BC001CDD93 /* Main.storyboard in Resources */,
				A00C6E141A0474BC001CDD93 /* LaunchScreen.xib in Resources */,
				A00C6E111A0474BC001CDD93 /* Images.xcassets in Resources */,
				A04E8E4A1A0C7085002BE0B2 /* redPin.png in Resources */,
			);
			runOnlyForDeploymentPostprocessing = 0;
		};
		A00C6E171A0474BC001CDD93 /* Resources */ = {
			isa = PBXResourcesBuildPhase;
			buildActionMask = 2147483647;
			files = (
			);
			runOnlyForDeploymentPostprocessing = 0;
		};
/* End PBXResourcesBuildPhase section */

/* Begin PBXSourcesBuildPhase section */
		A00C6DFB1A0474BC001CDD93 /* Sources */ = {
			isa = PBXSourcesBuildPhase;
			buildActionMask = 2147483647;
			files = (
				A00C6E051A0474BC001CDD93 /* AppDelegate.swift in Sources */,
				A00C6E081A0474BC001CDD93 /* Lizard.xcdatamodeld in Sources */,
				A0F349481A0B270200404C63 /* RLMSupport.swift in Sources */,
				A04E8E561A0ED12D002BE0B2 /* BuySpotViewController.swift in Sources */,
				A04E8E581A0F9E95002BE0B2 /* LotAnnotation.swift in Sources */,
				A00C6E0A1A0474BC001CDD93 /* MasterViewController.swift in Sources */,
				A00C6E671A05CCA2001CDD93 /* SellSpot.swift in Sources */,
				A04E8E501A0EC4F1002BE0B2 /* LotList.swift in Sources */,
				A04E8E4E1A0E71AB002BE0B2 /* AddLotViewController.swift in Sources */,
				A00C6E611A05BE53001CDD93 /* SellSpotViewController.swift in Sources */,
				A00C6E0C1A0474BC001CDD93 /* DetailViewController.swift in Sources */,
			);
			runOnlyForDeploymentPostprocessing = 0;
		};
		A00C6E151A0474BC001CDD93 /* Sources */ = {
			isa = PBXSourcesBuildPhase;
			buildActionMask = 2147483647;
			files = (
				A00C6E201A0474BC001CDD93 /* LizardTests.swift in Sources */,
			);
			runOnlyForDeploymentPostprocessing = 0;
		};
/* End PBXSourcesBuildPhase section */

/* Begin PBXTargetDependency section */
		A00C6E1B1A0474BC001CDD93 /* PBXTargetDependency */ = {
			isa = PBXTargetDependency;
			target = A00C6DFE1A0474BC001CDD93 /* Lizard */;
			targetProxy = A00C6E1A1A0474BC001CDD93 /* PBXContainerItemProxy */;
		};
/* End PBXTargetDependency section */

/* Begin PBXVariantGroup section */
		A00C6E0D1A0474BC001CDD93 /* Main.storyboard */ = {
			isa = PBXVariantGroup;
			children = (
				A00C6E0E1A0474BC001CDD93 /* Base */,
			);
			name = Main.storyboard;
			sourceTree = "<group>";
		};
		A00C6E121A0474BC001CDD93 /* LaunchScreen.xib */ = {
			isa = PBXVariantGroup;
			children = (
				A00C6E131A0474BC001CDD93 /* Base */,
			);
			name = LaunchScreen.xib;
			sourceTree = "<group>";
		};
/* End PBXVariantGroup section */

/* Begin XCBuildConfiguration section */
		A00C6E211A0474BC001CDD93 /* Debug */ = {
			isa = XCBuildConfiguration;
			buildSettings = {
				ALWAYS_SEARCH_USER_PATHS = NO;
				CLANG_CXX_LANGUAGE_STANDARD = "gnu++0x";
				CLANG_CXX_LIBRARY = "libc++";
				CLANG_ENABLE_MODULES = YES;
				CLANG_ENABLE_OBJC_ARC = YES;
				CLANG_WARN_BOOL_CONVERSION = YES;
				CLANG_WARN_CONSTANT_CONVERSION = YES;
				CLANG_WARN_DIRECT_OBJC_ISA_USAGE = YES_ERROR;
				CLANG_WARN_EMPTY_BODY = YES;
				CLANG_WARN_ENUM_CONVERSION = YES;
				CLANG_WARN_INT_CONVERSION = YES;
				CLANG_WARN_OBJC_ROOT_CLASS = YES_ERROR;
				CLANG_WARN_UNREACHABLE_CODE = YES;
				CLANG_WARN__DUPLICATE_METHOD_MATCH = YES;
				"CODE_SIGN_IDENTITY[sdk=iphoneos*]" = "iPhone Developer";
				COPY_PHASE_STRIP = NO;
				ENABLE_STRICT_OBJC_MSGSEND = YES;
				GCC_C_LANGUAGE_STANDARD = gnu99;
				GCC_DYNAMIC_NO_PIC = NO;
				GCC_OPTIMIZATION_LEVEL = 0;
				GCC_PREPROCESSOR_DEFINITIONS = (
					"DEBUG=1",
					"$(inherited)",
				);
				GCC_SYMBOLS_PRIVATE_EXTERN = NO;
				GCC_WARN_64_TO_32_BIT_CONVERSION = YES;
				GCC_WARN_ABOUT_RETURN_TYPE = YES_ERROR;
				GCC_WARN_UNDECLARED_SELECTOR = YES;
				GCC_WARN_UNINITIALIZED_AUTOS = YES_AGGRESSIVE;
				GCC_WARN_UNUSED_FUNCTION = YES;
				GCC_WARN_UNUSED_VARIABLE = YES;
				IPHONEOS_DEPLOYMENT_TARGET = 8.1;
				MTL_ENABLE_DEBUG_INFO = YES;
				ONLY_ACTIVE_ARCH = YES;
				SDKROOT = iphoneos;
				SWIFT_OPTIMIZATION_LEVEL = "-Onone";
			};
			name = Debug;
		};
		A00C6E221A0474BC001CDD93 /* Release */ = {
			isa = XCBuildConfiguration;
			buildSettings = {
				ALWAYS_SEARCH_USER_PATHS = NO;
				CLANG_CXX_LANGUAGE_STANDARD = "gnu++0x";
				CLANG_CXX_LIBRARY = "libc++";
				CLANG_ENABLE_MODULES = YES;
				CLANG_ENABLE_OBJC_ARC = YES;
				CLANG_WARN_BOOL_CONVERSION = YES;
				CLANG_WARN_CONSTANT_CONVERSION = YES;
				CLANG_WARN_DIRECT_OBJC_ISA_USAGE = YES_ERROR;
				CLANG_WARN_EMPTY_BODY = YES;
				CLANG_WARN_ENUM_CONVERSION = YES;
				CLANG_WARN_INT_CONVERSION = YES;
				CLANG_WARN_OBJC_ROOT_CLASS = YES_ERROR;
				CLANG_WARN_UNREACHABLE_CODE = YES;
				CLANG_WARN__DUPLICATE_METHOD_MATCH = YES;
				"CODE_SIGN_IDENTITY[sdk=iphoneos*]" = "iPhone Developer";
				COPY_PHASE_STRIP = YES;
				ENABLE_NS_ASSERTIONS = NO;
				ENABLE_STRICT_OBJC_MSGSEND = YES;
				GCC_C_LANGUAGE_STANDARD = gnu99;
				GCC_WARN_64_TO_32_BIT_CONVERSION = YES;
				GCC_WARN_ABOUT_RETURN_TYPE = YES_ERROR;
				GCC_WARN_UNDECLARED_SELECTOR = YES;
				GCC_WARN_UNINITIALIZED_AUTOS = YES_AGGRESSIVE;
				GCC_WARN_UNUSED_FUNCTION = YES;
				GCC_WARN_UNUSED_VARIABLE = YES;
				IPHONEOS_DEPLOYMENT_TARGET = 8.1;
				MTL_ENABLE_DEBUG_INFO = NO;
				SDKROOT = iphoneos;
				VALIDATE_PRODUCT = YES;
			};
			name = Release;
		};
		A00C6E241A0474BC001CDD93 /* Debug */ = {
			isa = XCBuildConfiguration;
			buildSettings = {
				ASSETCATALOG_COMPILER_APPICON_NAME = AppIcon;
				CLANG_ENABLE_MODULES = YES;
				CODE_SIGN_IDENTITY = "iPhone Developer";
				"CODE_SIGN_IDENTITY[sdk=iphoneos*]" = "iPhone Developer";
				DEFINES_MODULE = YES;
				FRAMEWORK_SEARCH_PATHS = (
					"$(inherited)",
					"/Users/typarker/Desktop/realm-cocoa-0.87.2/ios",
					"$(PROJECT_DIR)",
				);
				INFOPLIST_FILE = Lizard/Info.plist;
				LD_RUNPATH_SEARCH_PATHS = "$(inherited) @executable_path/Frameworks";
				PRODUCT_NAME = "$(TARGET_NAME)";
				PROVISIONING_PROFILE = "";
				SWIFT_OBJC_BRIDGING_HEADER = "Lizard/Lizard-Bridging-Header.h";
				SWIFT_OPTIMIZATION_LEVEL = "-Onone";
			};
			name = Debug;
		};
		A00C6E251A0474BC001CDD93 /* Release */ = {
			isa = XCBuildConfiguration;
			buildSettings = {
				ASSETCATALOG_COMPILER_APPICON_NAME = AppIcon;
				CLANG_ENABLE_MODULES = YES;
				CODE_SIGN_IDENTITY = "iPhone Developer";
				"CODE_SIGN_IDENTITY[sdk=iphoneos*]" = "iPhone Developer";
				DEFINES_MODULE = YES;
				FRAMEWORK_SEARCH_PATHS = (
					"$(inherited)",
					"/Users/typarker/Desktop/realm-cocoa-0.87.2/ios",
					"$(PROJECT_DIR)",
				);
				INFOPLIST_FILE = Lizard/Info.plist;
				LD_RUNPATH_SEARCH_PATHS = "$(inherited) @executable_path/Frameworks";
				PRODUCT_NAME = "$(TARGET_NAME)";
				PROVISIONING_PROFILE = "";
				SWIFT_OBJC_BRIDGING_HEADER = "Lizard/Lizard-Bridging-Header.h";
			};
			name = Release;
		};
		A00C6E271A0474BC001CDD93 /* Debug */ = {
			isa = XCBuildConfiguration;
			buildSettings = {
				BUNDLE_LOADER = "$(TEST_HOST)";
				FRAMEWORK_SEARCH_PATHS = (
					"$(SDKROOT)/Developer/Library/Frameworks",
					"$(inherited)",
				);
				GCC_PREPROCESSOR_DEFINITIONS = (
					"DEBUG=1",
					"$(inherited)",
				);
				INFOPLIST_FILE = LizardTests/Info.plist;
				LD_RUNPATH_SEARCH_PATHS = "$(inherited) @executable_path/Frameworks @loader_path/Frameworks";
				PRODUCT_NAME = "$(TARGET_NAME)";
				TEST_HOST = "$(BUILT_PRODUCTS_DIR)/Lizard.app/Lizard";
			};
			name = Debug;
		};
		A00C6E281A0474BC001CDD93 /* Release */ = {
			isa = XCBuildConfiguration;
			buildSettings = {
				BUNDLE_LOADER = "$(TEST_HOST)";
				FRAMEWORK_SEARCH_PATHS = (
					"$(SDKROOT)/Developer/Library/Frameworks",
					"$(inherited)",
				);
				INFOPLIST_FILE = LizardTests/Info.plist;
				LD_RUNPATH_SEARCH_PATHS = "$(inherited) @executable_path/Frameworks @loader_path/Frameworks";
				PRODUCT_NAME = "$(TARGET_NAME)";
				TEST_HOST = "$(BUILT_PRODUCTS_DIR)/Lizard.app/Lizard";
			};
			name = Release;
		};
/* End XCBuildConfiguration section */

/* Begin XCConfigurationList section */
		A00C6DFA1A0474BC001CDD93 /* Build configuration list for PBXProject "Lizard" */ = {
			isa = XCConfigurationList;
			buildConfigurations = (
				A00C6E211A0474BC001CDD93 /* Debug */,
				A00C6E221A0474BC001CDD93 /* Release */,
			);
			defaultConfigurationIsVisible = 0;
			defaultConfigurationName = Release;
		};
		A00C6E231A0474BC001CDD93 /* Build configuration list for PBXNativeTarget "Lizard" */ = {
			isa = XCConfigurationList;
			buildConfigurations = (
				A00C6E241A0474BC001CDD93 /* Debug */,
				A00C6E251A0474BC001CDD93 /* Release */,
			);
			defaultConfigurationIsVisible = 0;
			defaultConfigurationName = Release;
		};
		A00C6E261A0474BC001CDD93 /* Build configuration list for PBXNativeTarget "LizardTests" */ = {
			isa = XCConfigurationList;
			buildConfigurations = (
				A00C6E271A0474BC001CDD93 /* Debug */,
				A00C6E281A0474BC001CDD93 /* Release */,
			);
			defaultConfigurationIsVisible = 0;
			defaultConfigurationName = Release;
		};
/* End XCConfigurationList section */

/* Begin XCVersionGroup section */
		A00C6E061A0474BC001CDD93 /* Lizard.xcdatamodeld */ = {
			isa = XCVersionGroup;
			children = (
				A00C6E071A0474BC001CDD93 /* Lizard.xcdatamodel */,
			);
			currentVersion = A00C6E071A0474BC001CDD93 /* Lizard.xcdatamodel */;
			path = Lizard.xcdatamodeld;
			sourceTree = "<group>";
			versionGroupType = wrapper.xcdatamodel;
		};
/* End XCVersionGroup section */
	};
	rootObject = A00C6DF71A0474BC001CDD93 /* Project object */;
}
